
Microsoft Visual Studio Solution File, Format Version 12.00
# Visual Studio Version 16
VisualStudioVersion = 16.0.31410.357
MinimumVisualStudioVersion = 10.0.40219.1
Project("{FAE04EC0-301F-11D3-BF4B-00C04F79EFBC}") = "01_Routing", "01_Routing\01_Routing.csproj", "{FEDECD5B-D17E-4F38-9953-3199AE62EBBC}"
EndProject
Project("{FAE04EC0-301F-11D3-BF4B-00C04F79EFBC}") = "02_RoutingTemplates", "02_RoutingTemplates\02_RoutingTemplates.csproj", "{D78D5D5A-DA3D-4232-88F3-63DC6297574E}"
EndProject
Global
	GlobalSection(SolutionConfigurationPlatforms) = preSolution
		Debug|Any CPU = Debug|Any CPU
		Release|Any CPU = Release|Any CPU
	EndGlobalSection
	GlobalSection(ProjectConfigurationPlatforms) = postSolution
		{FEDECD5B-D17E-4F38-9953-3199AE62EBBC}.Debug|Any CPU.ActiveCfg = Debug|Any CPU
		{FEDECD5B-D17E-4F38-9953-3199AE62EBBC}.Debug|Any CPU.Build.0 = Debug|Any CPU
		{FEDECD5B-D17E-4F38-9953-3199AE62EBBC}.Release|Any CPU.ActiveCfg = Release|Any CPU
		{FEDECD5B-D17E-4F38-9953-3199AE62EBBC}.Release|Any CPU.Build.0 = Release|Any CPU
		{D78D5D5A-DA3D-4232-88F3-63DC6297574E}.Debug|Any CPU.ActiveCfg = Debug|Any CPU
		{D78D5D5A-DA3D-4232-88F3-63DC6297574E}.Debug|Any CPU.Build.0 = Debug|Any CPU
		{D78D5D5A-DA3D-4232-88F3-63DC6297574E}.Release|Any CPU.ActiveCfg = Release|Any CPU
		{D78D5D5A-DA3D-4232-88F3-63DC6297574E}.Release|Any CPU.Build.0 = Release|Any CPU
	EndGlobalSection
	GlobalSection(SolutionProperties) = preSolution
		HideSolutionNode = FALSE
	EndGlobalSection
	GlobalSection(ExtensibilityGlobals) = postSolution
		SolutionGuid = {0882BFEB-1A73-46E1-BA7A-A4E66316842A}
	EndGlobalSection
EndGlobal
